
Microsoft Visual Studio Solution File, Format Version 12.00
# Visual Studio Version 17
VisualStudioVersion = 17.0.31903.59
MinimumVisualStudioVersion = 10.0.40219.1
Project("{9A19103F-16F7-4668-BE54-9A1E7A4F7556}") = "PDTools.Algorithms", "PDTools.Algorithms\PDTools.Algorithms.csproj", "{107CAFD8-B59E-4AC4-8803-93A4EF786206}"
EndProject
Project("{9A19103F-16F7-4668-BE54-9A1E7A4F7556}") = "PDTools.Crypto", "PDTools.Crypto\PDTools.Crypto.csproj", "{D6F06D31-D4CE-48E8-B2DD-30D94A1705AA}"
EndProject
Project("{9A19103F-16F7-4668-BE54-9A1E7A4F7556}") = "PDTools.SpecDB", "PDTools.SpecDB\PDTools.SpecDB.csproj", "{F4CB83C1-A96C-4D05-9E64-72B25790959E}"
EndProject
Project("{9A19103F-16F7-4668-BE54-9A1E7A4F7556}") = "PDTools.Structures", "PDTools.Structures\PDTools.Structures.csproj", "{CE9F495A-F4A7-49CD-A54F-06555AD18528}"
EndProject
Project("{9A19103F-16F7-4668-BE54-9A1E7A4F7556}") = "PDTools.Utils", "PDTools.Utils\PDTools.Utils.csproj", "{3A094FEB-AAED-457A-AF4F-CB1356CB4AC1}"
EndProject
Project("{9A19103F-16F7-4668-BE54-9A1E7A4F7556}") = "PDTools.STStruct", "STStruct\PDTools.STStruct.csproj", "{441E926F-71F2-4349-AFD0-E8231E35486D}"
EndProject
Project("{9A19103F-16F7-4668-BE54-9A1E7A4F7556}") = "PDTools.Compression", "PDTools.Compression\PDTools.Compression.csproj", "{C424D395-BD31-49AB-BA53-841AC54FD8F2}"
EndProject
Project("{9A19103F-16F7-4668-BE54-9A1E7A4F7556}") = "PDTools.GrimPFS", "PDTools.GrimPFS\PDTools.GrimPFS.csproj", "{A5286241-02A8-4C5C-8F7E-3A984A57C0BB}"
EndProject
Project("{9A19103F-16F7-4668-BE54-9A1E7A4F7556}") = "PDTools.Files", "PDTools.Files\PDTools.Files.csproj", "{72D26FBA-E068-43AE-B5C1-492E45586C13}"
EndProject
Project("{9A19103F-16F7-4668-BE54-9A1E7A4F7556}") = "PDTools.RText", "PDTools.RText\PDTools.RText.csproj", "{6A553661-9746-4CC4-8DF8-DA036E8031C7}"
EndProject
Project("{9A19103F-16F7-4668-BE54-9A1E7A4F7556}") = "PDTools.SimulatorInterfaceTestTool", "PDTools.SimulatorInterfaceTestTool\PDTools.SimulatorInterfaceTestTool.csproj", "{B5733B05-0BE0-4B61-B8CB-4C88E77B5443}"
EndProject
Project("{9A19103F-16F7-4668-BE54-9A1E7A4F7556}") = "PDTools.SimulatorInterface", "PDTools.SimulatorInterface\PDTools.SimulatorInterface.csproj", "{AC7126E9-161D-47C7-89ED-A8D2EC2BDC4A}"
EndProject
Project("{9A19103F-16F7-4668-BE54-9A1E7A4F7556}") = "PDTools.LiveTimingApi", "PDTools.LiveTimingApi\PDTools.LiveTimingApi.csproj", "{D9B9F4AF-DFF6-44F6-B66B-2411725DEA5F}"
EndProject
Project("{9A19103F-16F7-4668-BE54-9A1E7A4F7556}") = "PDTools.LiveTimingApiTestTool", "PDTools.LiveTimingApiTestTool\PDTools.LiveTimingApiTestTool.csproj", "{84CEDEC9-3189-4F76-8451-69F209E7D353}"
EndProject
Project("{9A19103F-16F7-4668-BE54-9A1E7A4F7556}") = "PDTools.SaveFile", "PDTools.SaveFile\PDTools.SaveFile.csproj", "{CFCF601B-1EAB-49E6-96DC-4368428FBEC0}"
EndProject
Global
	GlobalSection(SolutionConfigurationPlatforms) = preSolution
		Debug|Any CPU = Debug|Any CPU
		Release|Any CPU = Release|Any CPU
	EndGlobalSection
	GlobalSection(ProjectConfigurationPlatforms) = postSolution
		{107CAFD8-B59E-4AC4-8803-93A4EF786206}.Debug|Any CPU.ActiveCfg = Debug|Any CPU
		{107CAFD8-B59E-4AC4-8803-93A4EF786206}.Debug|Any CPU.Build.0 = Debug|Any CPU
		{107CAFD8-B59E-4AC4-8803-93A4EF786206}.Release|Any CPU.ActiveCfg = Release|Any CPU
		{107CAFD8-B59E-4AC4-8803-93A4EF786206}.Release|Any CPU.Build.0 = Release|Any CPU
		{D6F06D31-D4CE-48E8-B2DD-30D94A1705AA}.Debug|Any CPU.ActiveCfg = Debug|Any CPU
		{D6F06D31-D4CE-48E8-B2DD-30D94A1705AA}.Debug|Any CPU.Build.0 = Debug|Any CPU
		{D6F06D31-D4CE-48E8-B2DD-30D94A1705AA}.Release|Any CPU.ActiveCfg = Release|Any CPU
		{D6F06D31-D4CE-48E8-B2DD-30D94A1705AA}.Release|Any CPU.Build.0 = Release|Any CPU
		{F4CB83C1-A96C-4D05-9E64-72B25790959E}.Debug|Any CPU.ActiveCfg = Debug|Any CPU
		{F4CB83C1-A96C-4D05-9E64-72B25790959E}.Debug|Any CPU.Build.0 = Debug|Any CPU
		{F4CB83C1-A96C-4D05-9E64-72B25790959E}.Release|Any CPU.ActiveCfg = Release|Any CPU
		{F4CB83C1-A96C-4D05-9E64-72B25790959E}.Release|Any CPU.Build.0 = Release|Any CPU
		{CE9F495A-F4A7-49CD-A54F-06555AD18528}.Debug|Any CPU.ActiveCfg = Debug|Any CPU
		{CE9F495A-F4A7-49CD-A54F-06555AD18528}.Debug|Any CPU.Build.0 = Debug|Any CPU
		{CE9F495A-F4A7-49CD-A54F-06555AD18528}.Release|Any CPU.ActiveCfg = Release|Any CPU
		{CE9F495A-F4A7-49CD-A54F-06555AD18528}.Release|Any CPU.Build.0 = Release|Any CPU
		{3A094FEB-AAED-457A-AF4F-CB1356CB4AC1}.Debug|Any CPU.ActiveCfg = Debug|Any CPU
		{3A094FEB-AAED-457A-AF4F-CB1356CB4AC1}.Debug|Any CPU.Build.0 = Debug|Any CPU
		{3A094FEB-AAED-457A-AF4F-CB1356CB4AC1}.Release|Any CPU.ActiveCfg = Release|Any CPU
		{3A094FEB-AAED-457A-AF4F-CB1356CB4AC1}.Release|Any CPU.Build.0 = Release|Any CPU
		{441E926F-71F2-4349-AFD0-E8231E35486D}.Debug|Any CPU.ActiveCfg = Debug|Any CPU
		{441E926F-71F2-4349-AFD0-E8231E35486D}.Debug|Any CPU.Build.0 = Debug|Any CPU
		{441E926F-71F2-4349-AFD0-E8231E35486D}.Release|Any CPU.ActiveCfg = Release|Any CPU
		{441E926F-71F2-4349-AFD0-E8231E35486D}.Release|Any CPU.Build.0 = Release|Any CPU
		{C424D395-BD31-49AB-BA53-841AC54FD8F2}.Debug|Any CPU.ActiveCfg = Debug|Any CPU
		{C424D395-BD31-49AB-BA53-841AC54FD8F2}.Debug|Any CPU.Build.0 = Debug|Any CPU
		{C424D395-BD31-49AB-BA53-841AC54FD8F2}.Release|Any CPU.ActiveCfg = Release|Any CPU
		{C424D395-BD31-49AB-BA53-841AC54FD8F2}.Release|Any CPU.Build.0 = Release|Any CPU
		{A5286241-02A8-4C5C-8F7E-3A984A57C0BB}.Debug|Any CPU.ActiveCfg = Debug|Any CPU
		{A5286241-02A8-4C5C-8F7E-3A984A57C0BB}.Debug|Any CPU.Build.0 = Debug|Any CPU
		{A5286241-02A8-4C5C-8F7E-3A984A57C0BB}.Release|Any CPU.ActiveCfg = Release|Any CPU
		{A5286241-02A8-4C5C-8F7E-3A984A57C0BB}.Release|Any CPU.Build.0 = Release|Any CPU
		{72D26FBA-E068-43AE-B5C1-492E45586C13}.Debug|Any CPU.ActiveCfg = Debug|Any CPU
		{72D26FBA-E068-43AE-B5C1-492E45586C13}.Debug|Any CPU.Build.0 = Debug|Any CPU
		{72D26FBA-E068-43AE-B5C1-492E45586C13}.Release|Any CPU.ActiveCfg = Release|Any CPU
		{72D26FBA-E068-43AE-B5C1-492E45586C13}.Release|Any CPU.Build.0 = Release|Any CPU
		{6A553661-9746-4CC4-8DF8-DA036E8031C7}.Debug|Any CPU.ActiveCfg = Debug|Any CPU
		{6A553661-9746-4CC4-8DF8-DA036E8031C7}.Debug|Any CPU.Build.0 = Debug|Any CPU
		{6A553661-9746-4CC4-8DF8-DA036E8031C7}.Release|Any CPU.ActiveCfg = Release|Any CPU
		{6A553661-9746-4CC4-8DF8-DA036E8031C7}.Release|Any CPU.Build.0 = Release|Any CPU
		{B5733B05-0BE0-4B61-B8CB-4C88E77B5443}.Debug|Any CPU.ActiveCfg = Debug|Any CPU
		{B5733B05-0BE0-4B61-B8CB-4C88E77B5443}.Debug|Any CPU.Build.0 = Debug|Any CPU
		{B5733B05-0BE0-4B61-B8CB-4C88E77B5443}.Release|Any CPU.ActiveCfg = Release|Any CPU
		{B5733B05-0BE0-4B61-B8CB-4C88E77B5443}.Release|Any CPU.Build.0 = Release|Any CPU
		{AC7126E9-161D-47C7-89ED-A8D2EC2BDC4A}.Debug|Any CPU.ActiveCfg = Debug|Any CPU
		{AC7126E9-161D-47C7-89ED-A8D2EC2BDC4A}.Debug|Any CPU.Build.0 = Debug|Any CPU
		{AC7126E9-161D-47C7-89ED-A8D2EC2BDC4A}.Release|Any CPU.ActiveCfg = Release|Any CPU
		{AC7126E9-161D-47C7-89ED-A8D2EC2BDC4A}.Release|Any CPU.Build.0 = Release|Any CPU
		{D9B9F4AF-DFF6-44F6-B66B-2411725DEA5F}.Debug|Any CPU.ActiveCfg = Debug|Any CPU
		{D9B9F4AF-DFF6-44F6-B66B-2411725DEA5F}.Debug|Any CPU.Build.0 = Debug|Any CPU
		{D9B9F4AF-DFF6-44F6-B66B-2411725DEA5F}.Release|Any CPU.ActiveCfg = Release|Any CPU
		{D9B9F4AF-DFF6-44F6-B66B-2411725DEA5F}.Release|Any CPU.Build.0 = Release|Any CPU
		{84CEDEC9-3189-4F76-8451-69F209E7D353}.Debug|Any CPU.ActiveCfg = Debug|Any CPU
		{84CEDEC9-3189-4F76-8451-69F209E7D353}.Debug|Any CPU.Build.0 = Debug|Any CPU
		{84CEDEC9-3189-4F76-8451-69F209E7D353}.Release|Any CPU.ActiveCfg = Release|Any CPU
		{84CEDEC9-3189-4F76-8451-69F209E7D353}.Release|Any CPU.Build.0 = Release|Any CPU
		{CFCF601B-1EAB-49E6-96DC-4368428FBEC0}.Debug|Any CPU.ActiveCfg = Debug|Any CPU
		{CFCF601B-1EAB-49E6-96DC-4368428FBEC0}.Debug|Any CPU.Build.0 = Debug|Any CPU
		{CFCF601B-1EAB-49E6-96DC-4368428FBEC0}.Release|Any CPU.ActiveCfg = Release|Any CPU
		{CFCF601B-1EAB-49E6-96DC-4368428FBEC0}.Release|Any CPU.Build.0 = Release|Any CPU
	EndGlobalSection
	GlobalSection(SolutionProperties) = preSolution
		HideSolutionNode = FALSE
	EndGlobalSection
	GlobalSection(ExtensibilityGlobals) = postSolution
		SolutionGuid = {2905C927-1B58-4C7A-BBE9-2FBCB075CBCD}
	EndGlobalSection
EndGlobal
